{
    "name": "config",
    "version": "1.0.0",
    "lockfileVersion": 2,
    "requires": true,
    "packages": {
        "": {
            "name": "config",
            "version": "1.0.0",
            "license": "MIT",
            "dependencies": {
                "@actions/core": "1.9.0",
                "conventional-changelog-conventionalcommits": "^5.0.0",
                "semver": "^7.3.7"
            }
        },
        "node_modules/@actions/core": {
            "version": "1.9.0",
            "resolved": "https://registry.npmjs.org/@actions/core/-/core-1.9.0.tgz",
            "integrity": "sha512-5pbM693Ih59ZdUhgk+fts+bUWTnIdHV3kwOSr+QIoFHMLg7Gzhwm0cifDY/AG68ekEJAkHnQVpcy4f6GjmzBCA==",
            "dependencies": {
                "@actions/http-client": "^2.0.1"
            }
        },
        "node_modules/@actions/http-client": {
            "version": "2.0.1",
            "resolved": "https://registry.npmjs.org/@actions/http-client/-/http-client-2.0.1.tgz",
            "integrity": "sha512-PIXiMVtz6VvyaRsGY268qvj57hXQEpsYogYOu2nrQhlf+XCGmZstmuZBbAybUl1nQGnvS1k1eEsQ69ZoD7xlSw==",
            "dependencies": {
                "tunnel": "^0.0.6"
            }
        },
        "node_modules/array-ify": {
            "version": "1.0.0",
            "resolved": "https://registry.npmjs.org/array-ify/-/array-ify-1.0.0.tgz",
            "integrity": "sha1-nlKHYrSpBmrRY6aWKjZEGOlibs4="
        },
        "node_modules/compare-func": {
            "version": "2.0.0",
            "resolved": "https://registry.npmjs.org/compare-func/-/compare-func-2.0.0.tgz",
            "integrity": "sha512-zHig5N+tPWARooBnb0Zx1MFcdfpyJrfTJ3Y5L+IFvUm8rM74hHz66z0gw0x4tijh5CorKkKUCnW82R2vmpeCRA==",
            "dependencies": {
                "array-ify": "^1.0.0",
                "dot-prop": "^5.1.0"
            }
        },
        "node_modules/conventional-changelog-conventionalcommits": {
            "version": "5.0.0",
            "resolved": "https://registry.npmjs.org/conventional-changelog-conventionalcommits/-/conventional-changelog-conventionalcommits-5.0.0.tgz",
            "integrity": "sha512-lCDbA+ZqVFQGUj7h9QBKoIpLhl8iihkO0nCTyRNzuXtcd7ubODpYB04IFy31JloiJgG0Uovu8ot8oxRzn7Nwtw==",
            "dependencies": {
                "compare-func": "^2.0.0",
                "lodash": "^4.17.15",
                "q": "^1.5.1"
            },
            "engines": {
                "node": ">=10"
            }
        },
        "node_modules/dot-prop": {
            "version": "5.3.0",
            "resolved": "https://registry.npmjs.org/dot-prop/-/dot-prop-5.3.0.tgz",
            "integrity": "sha512-QM8q3zDe58hqUqjraQOmzZ1LIH9SWQJTlEKCH4kJ2oQvLZk7RbQXvtDM2XEq3fwkV9CCvvH4LA0AV+ogFsBM2Q==",
            "dependencies": {
                "is-obj": "^2.0.0"
            },
            "engines": {
                "node": ">=8"
            }
        },
        "node_modules/is-obj": {
            "version": "2.0.0",
            "resolved": "https://registry.npmjs.org/is-obj/-/is-obj-2.0.0.tgz",
            "integrity": "sha512-drqDG3cbczxxEJRoOXcOjtdp1J/lyp1mNn0xaznRs8+muBhgQcrnbspox5X5fOw0HnMnbfDzvnEMEtqDEJEo8w==",
            "engines": {
                "node": ">=8"
            }
        },
        "node_modules/lodash": {
            "version": "4.17.21",
            "resolved": "https://registry.npmjs.org/lodash/-/lodash-4.17.21.tgz",
            "integrity": "sha512-v2kDEe57lecTulaDIuNTPy3Ry4gLGJ6Z1O3vE1krgXZNrsQ+LFTGHVxVjcXPs17LhbZVGedAJv8XZ1tvj5FvSg=="
        },
        "node_modules/lru-cache": {
            "version": "6.0.0",
            "resolved": "https://registry.npmjs.org/lru-cache/-/lru-cache-6.0.0.tgz",
            "integrity": "sha512-Jo6dJ04CmSjuznwJSS3pUeWmd/H0ffTlkXXgwZi+eq1UCmqQwCh+eLsYOYCwY991i2Fah4h1BEMCx4qThGbsiA==",
            "dependencies": {
                "yallist": "^4.0.0"
            },
            "engines": {
                "node": ">=10"
            }
        },
        "node_modules/q": {
            "version": "1.5.1",
            "resolved": "https://registry.npmjs.org/q/-/q-1.5.1.tgz",
            "integrity": "sha1-fjL3W0E4EpHQRhHxvxQQmsAGUdc=",
            "engines": {
                "node": ">=0.6.0",
                "teleport": ">=0.2.0"
            }
        },
        "node_modules/semver": {
            "version": "7.3.7",
            "resolved": "https://registry.npmjs.org/semver/-/semver-7.3.7.tgz",
            "integrity": "sha512-QlYTucUYOews+WeEujDoEGziz4K6c47V/Bd+LjSSYcA94p+DmINdf7ncaUinThfvZyu13lN9OY1XDxt8C0Tw0g==",
            "dependencies": {
                "lru-cache": "^6.0.0"
            },
            "bin": {
                "semver": "bin/semver.js"
            },
            "engines": {
                "node": ">=10"
            }
        },
        "node_modules/tunnel": {
            "version": "0.0.6",
            "resolved": "https://registry.npmjs.org/tunnel/-/tunnel-0.0.6.tgz",
            "integrity": "sha512-1h/Lnq9yajKY2PEbBadPXj3VxsDDu844OnaAo52UVmIzIvwwtBPIuNvkjuzBlTWpfJyUbG3ez0KSBibQkj4ojg==",
            "engines": {
                "node": ">=0.6.11 <=0.7.0 || >=0.7.3"
            }
        },
        "node_modules/yallist": {
            "version": "4.0.0",
            "resolved": "https://registry.npmjs.org/yallist/-/yallist-4.0.0.tgz",
            "integrity": "sha512-3wdGidZyq5PB084XLES5TpOSRA3wjXAlIWMhum2kRcv/41Sn2emQ0dycQW4uZXLejwKvg6EsvbdlVL+FYEct7A=="
        }
    },
    "dependencies": {
        "@actions/core": {
            "version": "1.9.0",
            "resolved": "https://registry.npmjs.org/@actions/core/-/core-1.9.0.tgz",
            "integrity": "sha512-5pbM693Ih59ZdUhgk+fts+bUWTnIdHV3kwOSr+QIoFHMLg7Gzhwm0cifDY/AG68ekEJAkHnQVpcy4f6GjmzBCA==",
            "requires": {
                "@actions/http-client": "^2.0.1"
            }
        },
        "@actions/http-client": {
            "version": "2.0.1",
            "resolved": "https://registry.npmjs.org/@actions/http-client/-/http-client-2.0.1.tgz",
            "integrity": "sha512-PIXiMVtz6VvyaRsGY268qvj57hXQEpsYogYOu2nrQhlf+XCGmZstmuZBbAybUl1nQGnvS1k1eEsQ69ZoD7xlSw==",
            "requires": {
                "tunnel": "^0.0.6"
            }
        },
        "array-ify": {
            "version": "1.0.0",
            "resolved": "https://registry.npmjs.org/array-ify/-/array-ify-1.0.0.tgz",
            "integrity": "sha1-nlKHYrSpBmrRY6aWKjZEGOlibs4="
        },
        "compare-func": {
            "version": "2.0.0",
            "resolved": "https://registry.npmjs.org/compare-func/-/compare-func-2.0.0.tgz",
            "integrity": "sha512-zHig5N+tPWARooBnb0Zx1MFcdfpyJrfTJ3Y5L+IFvUm8rM74hHz66z0gw0x4tijh5CorKkKUCnW82R2vmpeCRA==",
            "requires": {
                "array-ify": "^1.0.0",
                "dot-prop": "^5.1.0"
            }
        },
        "conventional-changelog-conventionalcommits": {
            "version": "5.0.0",
            "resolved": "https://registry.npmjs.org/conventional-changelog-conventionalcommits/-/conventional-changelog-conventionalcommits-5.0.0.tgz",
            "integrity": "sha512-lCDbA+ZqVFQGUj7h9QBKoIpLhl8iihkO0nCTyRNzuXtcd7ubODpYB04IFy31JloiJgG0Uovu8ot8oxRzn7Nwtw==",
            "requires": {
                "compare-func": "^2.0.0",
                "lodash": "^4.17.15",
                "q": "^1.5.1"
            }
        },
        "dot-prop": {
            "version": "5.3.0",
            "resolved": "https://registry.npmjs.org/dot-prop/-/dot-prop-5.3.0.tgz",
            "integrity": "sha512-QM8q3zDe58hqUqjraQOmzZ1LIH9SWQJTlEKCH4kJ2oQvLZk7RbQXvtDM2XEq3fwkV9CCvvH4LA0AV+ogFsBM2Q==",
            "requires": {
                "is-obj": "^2.0.0"
            }
        },
        "is-obj": {
            "version": "2.0.0",
            "resolved": "https://registry.npmjs.org/is-obj/-/is-obj-2.0.0.tgz",
            "integrity": "sha512-drqDG3cbczxxEJRoOXcOjtdp1J/lyp1mNn0xaznRs8+muBhgQcrnbspox5X5fOw0HnMnbfDzvnEMEtqDEJEo8w=="
        },
        "lodash": {
            "version": "4.17.21",
            "resolved": "https://registry.npmjs.org/lodash/-/lodash-4.17.21.tgz",
            "integrity": "sha512-v2kDEe57lecTulaDIuNTPy3Ry4gLGJ6Z1O3vE1krgXZNrsQ+LFTGHVxVjcXPs17LhbZVGedAJv8XZ1tvj5FvSg=="
        },
        "lru-cache": {
            "version": "6.0.0",
            "resolved": "https://registry.npmjs.org/lru-cache/-/lru-cache-6.0.0.tgz",
            "integrity": "sha512-Jo6dJ04CmSjuznwJSS3pUeWmd/H0ffTlkXXgwZi+eq1UCmqQwCh+eLsYOYCwY991i2Fah4h1BEMCx4qThGbsiA==",
            "requires": {
                "yallist": "^4.0.0"
            }
        },
        "q": {
            "version": "1.5.1",
            "resolved": "https://registry.npmjs.org/q/-/q-1.5.1.tgz",
            "integrity": "sha1-fjL3W0E4EpHQRhHxvxQQmsAGUdc="
        },
        "semver": {
            "version": "7.3.7",
            "resolved": "https://registry.npmjs.org/semver/-/semver-7.3.7.tgz",
            "integrity": "sha512-QlYTucUYOews+WeEujDoEGziz4K6c47V/Bd+LjSSYcA94p+DmINdf7ncaUinThfvZyu13lN9OY1XDxt8C0Tw0g==",
            "requires": {
                "lru-cache": "^6.0.0"
            }
        },
        "tunnel": {
            "version": "0.0.6",
            "resolved": "https://registry.npmjs.org/tunnel/-/tunnel-0.0.6.tgz",
            "integrity": "sha512-1h/Lnq9yajKY2PEbBadPXj3VxsDDu844OnaAo52UVmIzIvwwtBPIuNvkjuzBlTWpfJyUbG3ez0KSBibQkj4ojg=="
        },
        "yallist": {
            "version": "4.0.0",
            "resolved": "https://registry.npmjs.org/yallist/-/yallist-4.0.0.tgz",
            "integrity": "sha512-3wdGidZyq5PB084XLES5TpOSRA3wjXAlIWMhum2kRcv/41Sn2emQ0dycQW4uZXLejwKvg6EsvbdlVL+FYEct7A=="
        }
    }
}
